
Microsoft Visual Studio Solution File, Format Version 12.00
# Visual Studio 15
VisualStudioVersion = 15.0.28010.2046
MinimumVisualStudioVersion = 10.0.40219.1
Project("{FAE04EC0-301F-11D3-BF4B-00C04F79EFBC}") = "01_StrategyPattern", "01_StrategyPattern\01_StrategyPattern.csproj", "{D4FCB86B-8D1D-4A38-B2AE-4C5FA61E961E}"
EndProject
Global
	GlobalSection(SolutionConfigurationPlatforms) = preSolution
		Debug|Any CPU = Debug|Any CPU
		Release|Any CPU = Release|Any CPU
	EndGlobalSection
	GlobalSection(ProjectConfigurationPlatforms) = postSolution
		{D4FCB86B-8D1D-4A38-B2AE-4C5FA61E961E}.Debug|Any CPU.ActiveCfg = Debug|Any CPU
		{D4FCB86B-8D1D-4A38-B2AE-4C5FA61E961E}.Debug|Any CPU.Build.0 = Debug|Any CPU
		{D4FCB86B-8D1D-4A38-B2AE-4C5FA61E961E}.Release|Any CPU.ActiveCfg = Release|Any CPU
		{D4FCB86B-8D1D-4A38-B2AE-4C5FA61E961E}.Release|Any CPU.Build.0 = Release|Any CPU
	EndGlobalSection
	GlobalSection(SolutionProperties) = preSolution
		HideSolutionNode = FALSE
	EndGlobalSection
	GlobalSection(ExtensibilityGlobals) = postSolution
		SolutionGuid = {482A8D3D-A8B6-4104-9949-3847B0FEA0E6}
	EndGlobalSection
EndGlobal
